{
  "name": "nhs-trial-app-kotlin",
  "version": "1.0.0",
  "lockfileVersion": 3,
  "requires": true,
  "packages": {
    "": {
      "name": "nhs-trial-app-kotlin",
      "version": "1.0.0",
      "dependencies": {
        "nhsuk-frontend": "^9.3.0"
      }
    },
    "node_modules/nhsuk-frontend": {
      "version": "9.6.4",
      "resolved": "https://registry.npmjs.org/nhsuk-frontend/-/nhsuk-frontend-9.6.4.tgz",
      "integrity": "sha512-y0fi91jhgS1whD7jhNXKbpJ2Lmje/h5qBZ0aXmBbZdNo56805u7SsPJYxq7Uw6ffT86zQzQIxEwPwrjgSm5Whg==",
      "license": "MIT",
      "workspaces": [
        "."
      ],
      "engines": {
        "node": "^20.9.0 || ^22.11.0"
      }
    }
  }
}
